
Microsoft Visual Studio Solution File, Format Version 12.00
# Visual Studio Version 17
VisualStudioVersion = 17.6.33723.286
MinimumVisualStudioVersion = 10.0.40219.1
Project("{9A19103F-16F7-4668-BE54-9A1E7A4F7556}") = "NUnitTestProject", "NUnitTestProject\NUnitTestProject.csproj", "{3012A2AD-0506-43F3-8234-9A2EA88FA434}"
EndProject
Project("{FAE04EC0-301F-11D3-BF4B-00C04F79EFBC}") = "xUnitTestProject", "xUnitTestProject\xUnitTestProject.csproj", "{D3733352-2868-44D1-996C-380DA115DA2E}"
EndProject
Global
	GlobalSection(SolutionConfigurationPlatforms) = preSolution
		Debug|Any CPU = Debug|Any CPU
		Release|Any CPU = Release|Any CPU
	EndGlobalSection
	GlobalSection(ProjectConfigurationPlatforms) = postSolution
		{3012A2AD-0506-43F3-8234-9A2EA88FA434}.Debug|Any CPU.ActiveCfg = Debug|Any CPU
		{3012A2AD-0506-43F3-8234-9A2EA88FA434}.Debug|Any CPU.Build.0 = Debug|Any CPU
		{3012A2AD-0506-43F3-8234-9A2EA88FA434}.Release|Any CPU.ActiveCfg = Release|Any CPU
		{3012A2AD-0506-43F3-8234-9A2EA88FA434}.Release|Any CPU.Build.0 = Release|Any CPU
		{D3733352-2868-44D1-996C-380DA115DA2E}.Debug|Any CPU.ActiveCfg = Debug|Any CPU
		{D3733352-2868-44D1-996C-380DA115DA2E}.Debug|Any CPU.Build.0 = Debug|Any CPU
		{D3733352-2868-44D1-996C-380DA115DA2E}.Release|Any CPU.ActiveCfg = Release|Any CPU
		{D3733352-2868-44D1-996C-380DA115DA2E}.Release|Any CPU.Build.0 = Release|Any CPU
	EndGlobalSection
	GlobalSection(SolutionProperties) = preSolution
		HideSolutionNode = FALSE
	EndGlobalSection
	GlobalSection(ExtensibilityGlobals) = postSolution
		SolutionGuid = {E59FE50A-400E-4029-B41F-DA6C9888D5C8}
	EndGlobalSection
EndGlobal
