
Microsoft Visual Studio Solution File, Format Version 12.00
# Visual Studio Version 17
VisualStudioVersion = 17.6.33723.286
MinimumVisualStudioVersion = 10.0.40219.1
Project("{FAE04EC0-301F-11D3-BF4B-00C04F79EFBC}") = "CSharpCollections1", "CSharpCollections1\CSharpCollections1.csproj", "{6B541994-E653-42EB-B67B-75E2BEC2F94E}"
EndProject
Global
	GlobalSection(SolutionConfigurationPlatforms) = preSolution
		Debug|Any CPU = Debug|Any CPU
		Release|Any CPU = Release|Any CPU
	EndGlobalSection
	GlobalSection(ProjectConfigurationPlatforms) = postSolution
		{6B541994-E653-42EB-B67B-75E2BEC2F94E}.Debug|Any CPU.ActiveCfg = Debug|Any CPU
		{6B541994-E653-42EB-B67B-75E2BEC2F94E}.Debug|Any CPU.Build.0 = Debug|Any CPU
		{6B541994-E653-42EB-B67B-75E2BEC2F94E}.Release|Any CPU.ActiveCfg = Release|Any CPU
		{6B541994-E653-42EB-B67B-75E2BEC2F94E}.Release|Any CPU.Build.0 = Release|Any CPU
	EndGlobalSection
	GlobalSection(SolutionProperties) = preSolution
		HideSolutionNode = FALSE
	EndGlobalSection
	GlobalSection(ExtensibilityGlobals) = postSolution
		SolutionGuid = {28B66E23-B6E8-4365-9599-6D5FDF3E6A54}
	EndGlobalSection
EndGlobal
