
Microsoft Visual Studio Solution File, Format Version 12.00
# Visual Studio Version 17
VisualStudioVersion = 17.6.33723.286
MinimumVisualStudioVersion = 10.0.40219.1
Project("{FAE04EC0-301F-11D3-BF4B-00C04F79EFBC}") = "CSharpOOP2", "ConsoleApp4\CSharpOOP2.csproj", "{3ABDE1E4-EF03-4004-AC65-C6A038271503}"
EndProject
Global
	GlobalSection(SolutionConfigurationPlatforms) = preSolution
		Debug|Any CPU = Debug|Any CPU
		Release|Any CPU = Release|Any CPU
	EndGlobalSection
	GlobalSection(ProjectConfigurationPlatforms) = postSolution
		{3ABDE1E4-EF03-4004-AC65-C6A038271503}.Debug|Any CPU.ActiveCfg = Debug|Any CPU
		{3ABDE1E4-EF03-4004-AC65-C6A038271503}.Debug|Any CPU.Build.0 = Debug|Any CPU
		{3ABDE1E4-EF03-4004-AC65-C6A038271503}.Release|Any CPU.ActiveCfg = Release|Any CPU
		{3ABDE1E4-EF03-4004-AC65-C6A038271503}.Release|Any CPU.Build.0 = Release|Any CPU
	EndGlobalSection
	GlobalSection(SolutionProperties) = preSolution
		HideSolutionNode = FALSE
	EndGlobalSection
	GlobalSection(ExtensibilityGlobals) = postSolution
		SolutionGuid = {7782EA5A-A161-45AD-A18E-47EF0287FE13}
	EndGlobalSection
EndGlobal
