
Microsoft Visual Studio Solution File, Format Version 12.00
# Visual Studio Version 17
VisualStudioVersion = 17.6.33723.286
MinimumVisualStudioVersion = 10.0.40219.1
Project("{FAE04EC0-301F-11D3-BF4B-00C04F79EFBC}") = "CSharpOOP4", "CSharpOOP4\CSharpOOP4.csproj", "{8385A5D4-776B-495A-B16A-4481D78550DD}"
EndProject
Global
	GlobalSection(SolutionConfigurationPlatforms) = preSolution
		Debug|Any CPU = Debug|Any CPU
		Release|Any CPU = Release|Any CPU
	EndGlobalSection
	GlobalSection(ProjectConfigurationPlatforms) = postSolution
		{8385A5D4-776B-495A-B16A-4481D78550DD}.Debug|Any CPU.ActiveCfg = Debug|Any CPU
		{8385A5D4-776B-495A-B16A-4481D78550DD}.Debug|Any CPU.Build.0 = Debug|Any CPU
		{8385A5D4-776B-495A-B16A-4481D78550DD}.Release|Any CPU.ActiveCfg = Release|Any CPU
		{8385A5D4-776B-495A-B16A-4481D78550DD}.Release|Any CPU.Build.0 = Release|Any CPU
	EndGlobalSection
	GlobalSection(SolutionProperties) = preSolution
		HideSolutionNode = FALSE
	EndGlobalSection
	GlobalSection(ExtensibilityGlobals) = postSolution
		SolutionGuid = {EC10ED3C-A46F-4AC4-979C-B40BD2025809}
	EndGlobalSection
EndGlobal
