
Microsoft Visual Studio Solution File, Format Version 12.00
# Visual Studio Version 17
VisualStudioVersion = 17.6.33723.286
MinimumVisualStudioVersion = 10.0.40219.1
Project("{FAE04EC0-301F-11D3-BF4B-00C04F79EFBC}") = "Selenium_Basics", "Selenium_Basics\Selenium_Basics.csproj", "{D4F74BA9-6A98-448F-8F61-2F013EB3AFC8}"
EndProject
Global
	GlobalSection(SolutionConfigurationPlatforms) = preSolution
		Debug|Any CPU = Debug|Any CPU
		Release|Any CPU = Release|Any CPU
	EndGlobalSection
	GlobalSection(ProjectConfigurationPlatforms) = postSolution
		{D4F74BA9-6A98-448F-8F61-2F013EB3AFC8}.Debug|Any CPU.ActiveCfg = Debug|Any CPU
		{D4F74BA9-6A98-448F-8F61-2F013EB3AFC8}.Debug|Any CPU.Build.0 = Debug|Any CPU
		{D4F74BA9-6A98-448F-8F61-2F013EB3AFC8}.Release|Any CPU.ActiveCfg = Release|Any CPU
		{D4F74BA9-6A98-448F-8F61-2F013EB3AFC8}.Release|Any CPU.Build.0 = Release|Any CPU
	EndGlobalSection
	GlobalSection(SolutionProperties) = preSolution
		HideSolutionNode = FALSE
	EndGlobalSection
	GlobalSection(ExtensibilityGlobals) = postSolution
		SolutionGuid = {DB8CB7E0-C1BA-44A5-A05E-6FA2B898A7C0}
	EndGlobalSection
EndGlobal
